// !$*UTF8*$!
{
	archiveVersion = 1;
	classes = {
	};
	objectVersion = 56;
	objects = {

/* Begin PBXBuildFile section */
		42560A0B2B74292B0013FCF4 /* DontGoThereApp.swift in Sources */ = {isa = PBXBuildFile; fileRef = 42560A0A2B74292B0013FCF4 /* DontGoThereApp.swift */; };
		42560A0D2B74292B0013FCF4 /* ContentView.swift in Sources */ = {isa = PBXBuildFile; fileRef = 42560A0C2B74292B0013FCF4 /* ContentView.swift */; };
		42560A0F2B74292C0013FCF4 /* Assets.xcassets in Resources */ = {isa = PBXBuildFile; fileRef = 42560A0E2B74292C0013FCF4 /* Assets.xcassets */; };
		42560A122B74292C0013FCF4 /* Preview Assets.xcassets in Resources */ = {isa = PBXBuildFile; fileRef = 42560A112B74292C0013FCF4 /* Preview Assets.xcassets */; };
		42560A1B2B7429410013FCF4 /* Place.swift in Sources */ = {isa = PBXBuildFile; fileRef = 42560A1A2B7429410013FCF4 /* Place.swift */; };
		42560A1D2B74298F0013FCF4 /* PlacesListView.swift in Sources */ = {isa = PBXBuildFile; fileRef = 42560A1C2B74298F0013FCF4 /* PlacesListView.swift */; };
		42560A1F2B7429960013FCF4 /* EditPlaceView.swift in Sources */ = {isa = PBXBuildFile; fileRef = 42560A1E2B7429960013FCF4 /* EditPlaceView.swift */; };
		42560A212B74299A0013FCF4 /* PlacesMapView.swift in Sources */ = {isa = PBXBuildFile; fileRef = 42560A202B74299A0013FCF4 /* PlacesMapView.swift */; };
		42560A252B7D3D170013FCF4 /* SettingsView.swift in Sources */ = {isa = PBXBuildFile; fileRef = 42560A242B7D3D170013FCF4 /* SettingsView.swift */; };
		42560A272B7F1F210013FCF4 /* SearchableSortableListView.swift in Sources */ = {isa = PBXBuildFile; fileRef = 42560A262B7F1F210013FCF4 /* SearchableSortableListView.swift */; };
/* End PBXBuildFile section */

/* Begin PBXFileReference section */
		42560A072B74292B0013FCF4 /* DontGoThere.app */ = {isa = PBXFileReference; explicitFileType = wrapper.application; includeInIndex = 0; path = DontGoThere.app; sourceTree = BUILT_PRODUCTS_DIR; };
		42560A0A2B74292B0013FCF4 /* DontGoThereApp.swift */ = {isa = PBXFileReference; lastKnownFileType = sourcecode.swift; path = DontGoThereApp.swift; sourceTree = "<group>"; };
		42560A0C2B74292B0013FCF4 /* ContentView.swift */ = {isa = PBXFileReference; lastKnownFileType = sourcecode.swift; path = ContentView.swift; sourceTree = "<group>"; };
		42560A0E2B74292C0013FCF4 /* Assets.xcassets */ = {isa = PBXFileReference; lastKnownFileType = folder.assetcatalog; path = Assets.xcassets; sourceTree = "<group>"; };
		42560A112B74292C0013FCF4 /* Preview Assets.xcassets */ = {isa = PBXFileReference; lastKnownFileType = folder.assetcatalog; path = "Preview Assets.xcassets"; sourceTree = "<group>"; };
		42560A1A2B7429410013FCF4 /* Place.swift */ = {isa = PBXFileReference; lastKnownFileType = sourcecode.swift; path = Place.swift; sourceTree = "<group>"; };
		42560A1C2B74298F0013FCF4 /* PlacesListView.swift */ = {isa = PBXFileReference; lastKnownFileType = sourcecode.swift; path = PlacesListView.swift; sourceTree = "<group>"; };
		42560A1E2B7429960013FCF4 /* EditPlaceView.swift */ = {isa = PBXFileReference; lastKnownFileType = sourcecode.swift; path = EditPlaceView.swift; sourceTree = "<group>"; };
		42560A202B74299A0013FCF4 /* PlacesMapView.swift */ = {isa = PBXFileReference; lastKnownFileType = sourcecode.swift; path = PlacesMapView.swift; sourceTree = "<group>"; };
		42560A242B7D3D170013FCF4 /* SettingsView.swift */ = {isa = PBXFileReference; lastKnownFileType = sourcecode.swift; path = SettingsView.swift; sourceTree = "<group>"; };
		42560A262B7F1F210013FCF4 /* SearchableSortableListView.swift */ = {isa = PBXFileReference; lastKnownFileType = sourcecode.swift; path = SearchableSortableListView.swift; sourceTree = "<group>"; };
/* End PBXFileReference section */

/* Begin PBXFrameworksBuildPhase section */
		42560A042B74292B0013FCF4 /* Frameworks */ = {
			isa = PBXFrameworksBuildPhase;
			buildActionMask = 2147483647;
			files = (
			);
			runOnlyForDeploymentPostprocessing = 0;
		};
/* End PBXFrameworksBuildPhase section */

/* Begin PBXGroup section */
		425609FE2B74292B0013FCF4 = {
			isa = PBXGroup;
			children = (
				42560A092B74292B0013FCF4 /* DontGoThere */,
				42560A082B74292B0013FCF4 /* Products */,
			);
			sourceTree = "<group>";
		};
		42560A082B74292B0013FCF4 /* Products */ = {
			isa = PBXGroup;
			children = (
				42560A072B74292B0013FCF4 /* DontGoThere.app */,
			);
			name = Products;
			sourceTree = "<group>";
		};
		42560A092B74292B0013FCF4 /* DontGoThere */ = {
			isa = PBXGroup;
			children = (
				42560A0A2B74292B0013FCF4 /* DontGoThereApp.swift */,
				42560A192B7429340013FCF4 /* Views */,
				42560A182B7429300013FCF4 /* Models */,
				42560A0E2B74292C0013FCF4 /* Assets.xcassets */,
				42560A102B74292C0013FCF4 /* Preview Content */,
			);
			path = DontGoThere;
			sourceTree = "<group>";
		};
		42560A102B74292C0013FCF4 /* Preview Content */ = {
			isa = PBXGroup;
			children = (
				42560A112B74292C0013FCF4 /* Preview Assets.xcassets */,
			);
			path = "Preview Content";
			sourceTree = "<group>";
		};
		42560A182B7429300013FCF4 /* Models */ = {
			isa = PBXGroup;
			children = (
				42560A1A2B7429410013FCF4 /* Place.swift */,
			);
			path = Models;
			sourceTree = "<group>";
		};
		42560A192B7429340013FCF4 /* Views */ = {
			isa = PBXGroup;
			children = (
				42560A0C2B74292B0013FCF4 /* ContentView.swift */,
				42560A1C2B74298F0013FCF4 /* PlacesListView.swift */,
				42560A262B7F1F210013FCF4 /* SearchableSortableListView.swift */,
				42560A1E2B7429960013FCF4 /* EditPlaceView.swift */,
				42560A202B74299A0013FCF4 /* PlacesMapView.swift */,
				42560A242B7D3D170013FCF4 /* SettingsView.swift */,
			);
			path = Views;
			sourceTree = "<group>";
		};
/* End PBXGroup section */

/* Begin PBXNativeTarget section */
		42560A062B74292B0013FCF4 /* DontGoThere */ = {
			isa = PBXNativeTarget;
			buildConfigurationList = 42560A152B74292C0013FCF4 /* Build configuration list for PBXNativeTarget "DontGoThere" */;
			buildPhases = (
				42560A032B74292B0013FCF4 /* Sources */,
				42560A042B74292B0013FCF4 /* Frameworks */,
				42560A052B74292B0013FCF4 /* Resources */,
			);
			buildRules = (
			);
			dependencies = (
			);
			name = DontGoThere;
			productName = DontGoThere;
			productReference = 42560A072B74292B0013FCF4 /* DontGoThere.app */;
			productType = "com.apple.product-type.application";
		};
/* End PBXNativeTarget section */

/* Begin PBXProject section */
		425609FF2B74292B0013FCF4 /* Project object */ = {
			isa = PBXProject;
			attributes = {
				BuildIndependentTargetsInParallel = 1;
				LastSwiftUpdateCheck = 1520;
				LastUpgradeCheck = 1520;
				TargetAttributes = {
					42560A062B74292B0013FCF4 = {
						CreatedOnToolsVersion = 15.2;
					};
				};
			};
			buildConfigurationList = 42560A022B74292B0013FCF4 /* Build configuration list for PBXProject "DontGoThere" */;
			compatibilityVersion = "Xcode 14.0";
			developmentRegion = en;
			hasScannedForEncodings = 0;
			knownRegions = (
				en,
				Base,
			);
			mainGroup = 425609FE2B74292B0013FCF4;
			productRefGroup = 42560A082B74292B0013FCF4 /* Products */;
			projectDirPath = "";
			projectRoot = "";
			targets = (
				42560A062B74292B0013FCF4 /* DontGoThere */,
			);
		};
/* End PBXProject section */

/* Begin PBXResourcesBuildPhase section */
		42560A052B74292B0013FCF4 /* Resources */ = {
			isa = PBXResourcesBuildPhase;
			buildActionMask = 2147483647;
			files = (
				42560A122B74292C0013FCF4 /* Preview Assets.xcassets in Resources */,
				42560A0F2B74292C0013FCF4 /* Assets.xcassets in Resources */,
			);
			runOnlyForDeploymentPostprocessing = 0;
		};
/* End PBXResourcesBuildPhase section */

/* Begin PBXSourcesBuildPhase section */
		42560A032B74292B0013FCF4 /* Sources */ = {
			isa = PBXSourcesBuildPhase;
			buildActionMask = 2147483647;
			files = (
				42560A272B7F1F210013FCF4 /* SearchableSortableListView.swift in Sources */,
				42560A252B7D3D170013FCF4 /* SettingsView.swift in Sources */,
				42560A1D2B74298F0013FCF4 /* PlacesListView.swift in Sources */,
				42560A212B74299A0013FCF4 /* PlacesMapView.swift in Sources */,
				42560A1B2B7429410013FCF4 /* Place.swift in Sources */,
				42560A0D2B74292B0013FCF4 /* ContentView.swift in Sources */,
				42560A1F2B7429960013FCF4 /* EditPlaceView.swift in Sources */,
				42560A0B2B74292B0013FCF4 /* DontGoThereApp.swift in Sources */,
			);
			runOnlyForDeploymentPostprocessing = 0;
		};
/* End PBXSourcesBuildPhase section */

/* Begin XCBuildConfiguration section */
		42560A132B74292C0013FCF4 /* Debug */ = {
			isa = XCBuildConfiguration;
			buildSettings = {
				ALWAYS_SEARCH_USER_PATHS = NO;
				ASSETCATALOG_COMPILER_GENERATE_SWIFT_ASSET_SYMBOL_EXTENSIONS = YES;
				CLANG_ANALYZER_NONNULL = YES;
				CLANG_ANALYZER_NUMBER_OBJECT_CONVERSION = YES_AGGRESSIVE;
				CLANG_CXX_LANGUAGE_STANDARD = "gnu++20";
				CLANG_ENABLE_MODULES = YES;
				CLANG_ENABLE_OBJC_ARC = YES;
				CLANG_ENABLE_OBJC_WEAK = YES;
				CLANG_WARN_BLOCK_CAPTURE_AUTORELEASING = YES;
				CLANG_WARN_BOOL_CONVERSION = YES;
				CLANG_WARN_COMMA = YES;
				CLANG_WARN_CONSTANT_CONVERSION = YES;
				CLANG_WARN_DEPRECATED_OBJC_IMPLEMENTATIONS = YES;
				CLANG_WARN_DIRECT_OBJC_ISA_USAGE = YES_ERROR;
				CLANG_WARN_DOCUMENTATION_COMMENTS = YES;
				CLANG_WARN_EMPTY_BODY = YES;
				CLANG_WARN_ENUM_CONVERSION = YES;
				CLANG_WARN_INFINITE_RECURSION = YES;
				CLANG_WARN_INT_CONVERSION = YES;
				CLANG_WARN_NON_LITERAL_NULL_CONVERSION = YES;
				CLANG_WARN_OBJC_IMPLICIT_RETAIN_SELF = YES;
				CLANG_WARN_OBJC_LITERAL_CONVERSION = YES;
				CLANG_WARN_OBJC_ROOT_CLASS = YES_ERROR;
				CLANG_WARN_QUOTED_INCLUDE_IN_FRAMEWORK_HEADER = YES;
				CLANG_WARN_RANGE_LOOP_ANALYSIS = YES;
				CLANG_WARN_STRICT_PROTOTYPES = YES;
				CLANG_WARN_SUSPICIOUS_MOVE = YES;
				CLANG_WARN_UNGUARDED_AVAILABILITY = YES_AGGRESSIVE;
				CLANG_WARN_UNREACHABLE_CODE = YES;
				CLANG_WARN__DUPLICATE_METHOD_MATCH = YES;
				COPY_PHASE_STRIP = NO;
				DEBUG_INFORMATION_FORMAT = dwarf;
				ENABLE_STRICT_OBJC_MSGSEND = YES;
				ENABLE_TESTABILITY = YES;
				ENABLE_USER_SCRIPT_SANDBOXING = YES;
				GCC_C_LANGUAGE_STANDARD = gnu17;
				GCC_DYNAMIC_NO_PIC = NO;
				GCC_NO_COMMON_BLOCKS = YES;
				GCC_OPTIMIZATION_LEVEL = 0;
				GCC_PREPROCESSOR_DEFINITIONS = (
					"DEBUG=1",
					"$(inherited)",
				);
				GCC_WARN_64_TO_32_BIT_CONVERSION = YES;
				GCC_WARN_ABOUT_RETURN_TYPE = YES_ERROR;
				GCC_WARN_UNDECLARED_SELECTOR = YES;
				GCC_WARN_UNINITIALIZED_AUTOS = YES_AGGRESSIVE;
				GCC_WARN_UNUSED_FUNCTION = YES;
				GCC_WARN_UNUSED_VARIABLE = YES;
				IPHONEOS_DEPLOYMENT_TARGET = 17.2;
				LOCALIZATION_PREFERS_STRING_CATALOGS = YES;
				MTL_ENABLE_DEBUG_INFO = INCLUDE_SOURCE;
				MTL_FAST_MATH = YES;
				ONLY_ACTIVE_ARCH = YES;
				SDKROOT = iphoneos;
				SWIFT_ACTIVE_COMPILATION_CONDITIONS = "DEBUG $(inherited)";
				SWIFT_OPTIMIZATION_LEVEL = "-Onone";
			};
			name = Debug;
		};
		42560A142B74292C0013FCF4 /* Release */ = {
			isa = XCBuildConfiguration;
			buildSettings = {
				ALWAYS_SEARCH_USER_PATHS = NO;
				ASSETCATALOG_COMPILER_GENERATE_SWIFT_ASSET_SYMBOL_EXTENSIONS = YES;
				CLANG_ANALYZER_NONNULL = YES;
				CLANG_ANALYZER_NUMBER_OBJECT_CONVERSION = YES_AGGRESSIVE;
				CLANG_CXX_LANGUAGE_STANDARD = "gnu++20";
				CLANG_ENABLE_MODULES = YES;
				CLANG_ENABLE_OBJC_ARC = YES;
				CLANG_ENABLE_OBJC_WEAK = YES;
				CLANG_WARN_BLOCK_CAPTURE_AUTORELEASING = YES;
				CLANG_WARN_BOOL_CONVERSION = YES;
				CLANG_WARN_COMMA = YES;
				CLANG_WARN_CONSTANT_CONVERSION = YES;
				CLANG_WARN_DEPRECATED_OBJC_IMPLEMENTATIONS = YES;
				CLANG_WARN_DIRECT_OBJC_ISA_USAGE = YES_ERROR;
				CLANG_WARN_DOCUMENTATION_COMMENTS = YES;
				CLANG_WARN_EMPTY_BODY = YES;
				CLANG_WARN_ENUM_CONVERSION = YES;
				CLANG_WARN_INFINITE_RECURSION = YES;
				CLANG_WARN_INT_CONVERSION = YES;
				CLANG_WARN_NON_LITERAL_NULL_CONVERSION = YES;
				CLANG_WARN_OBJC_IMPLICIT_RETAIN_SELF = YES;
				CLANG_WARN_OBJC_LITERAL_CONVERSION = YES;
				CLANG_WARN_OBJC_ROOT_CLASS = YES_ERROR;
				CLANG_WARN_QUOTED_INCLUDE_IN_FRAMEWORK_HEADER = YES;
				CLANG_WARN_RANGE_LOOP_ANALYSIS = YES;
				CLANG_WARN_STRICT_PROTOTYPES = YES;
				CLANG_WARN_SUSPICIOUS_MOVE = YES;
				CLANG_WARN_UNGUARDED_AVAILABILITY = YES_AGGRESSIVE;
				CLANG_WARN_UNREACHABLE_CODE = YES;
				CLANG_WARN__DUPLICATE_METHOD_MATCH = YES;
				COPY_PHASE_STRIP = NO;
				DEBUG_INFORMATION_FORMAT = "dwarf-with-dsym";
				ENABLE_NS_ASSERTIONS = NO;
				ENABLE_STRICT_OBJC_MSGSEND = YES;
				ENABLE_USER_SCRIPT_SANDBOXING = YES;
				GCC_C_LANGUAGE_STANDARD = gnu17;
				GCC_NO_COMMON_BLOCKS = YES;
				GCC_WARN_64_TO_32_BIT_CONVERSION = YES;
				GCC_WARN_ABOUT_RETURN_TYPE = YES_ERROR;
				GCC_WARN_UNDECLARED_SELECTOR = YES;
				GCC_WARN_UNINITIALIZED_AUTOS = YES_AGGRESSIVE;
				GCC_WARN_UNUSED_FUNCTION = YES;
				GCC_WARN_UNUSED_VARIABLE = YES;
				IPHONEOS_DEPLOYMENT_TARGET = 17.2;
				LOCALIZATION_PREFERS_STRING_CATALOGS = YES;
				MTL_ENABLE_DEBUG_INFO = NO;
				MTL_FAST_MATH = YES;
				SDKROOT = iphoneos;
				SWIFT_COMPILATION_MODE = wholemodule;
				VALIDATE_PRODUCT = YES;
			};
			name = Release;
		};
		42560A162B74292C0013FCF4 /* Debug */ = {
			isa = XCBuildConfiguration;
			buildSettings = {
				ASSETCATALOG_COMPILER_APPICON_NAME = AppIcon;
				ASSETCATALOG_COMPILER_GLOBAL_ACCENT_COLOR_NAME = AccentColor;
				CODE_SIGN_STYLE = Automatic;
				CURRENT_PROJECT_VERSION = 1;
				DEVELOPMENT_ASSET_PATHS = "\"DontGoThere/Preview Content\"";
				DEVELOPMENT_TEAM = 575V4XYC4S;
				ENABLE_PREVIEWS = YES;
				GENERATE_INFOPLIST_FILE = YES;
				INFOPLIST_KEY_NSPhotoLibraryUsageDescription = "We need access to the photos you specify to attach them to your DontGoThere. ";
				INFOPLIST_KEY_UIApplicationSceneManifest_Generation = YES;
				INFOPLIST_KEY_UIApplicationSupportsIndirectInputEvents = YES;
				INFOPLIST_KEY_UILaunchScreen_Generation = YES;
				INFOPLIST_KEY_UISupportedInterfaceOrientations_iPad = "UIInterfaceOrientationPortrait UIInterfaceOrientationPortraitUpsideDown UIInterfaceOrientationLandscapeLeft UIInterfaceOrientationLandscapeRight";
				INFOPLIST_KEY_UISupportedInterfaceOrientations_iPhone = "UIInterfaceOrientationPortrait UIInterfaceOrientationLandscapeLeft UIInterfaceOrientationLandscapeRight";
				IPHONEOS_DEPLOYMENT_TARGET = 17.0;
				LD_RUNPATH_SEARCH_PATHS = (
					"$(inherited)",
					"@executable_path/Frameworks",
				);
				MARKETING_VERSION = 1.0;
				PRODUCT_BUNDLE_IDENTIFIER = com.joshuakraft.DontGoThere;
				PRODUCT_NAME = "$(TARGET_NAME)";
				SWIFT_EMIT_LOC_STRINGS = YES;
				SWIFT_VERSION = 5.0;
				TARGETED_DEVICE_FAMILY = "1,2";
			};
			name = Debug;
		};
		42560A172B74292C0013FCF4 /* Release */ = {
			isa = XCBuildConfiguration;
			buildSettings = {
				ASSETCATALOG_COMPILER_APPICON_NAME = AppIcon;
				ASSETCATALOG_COMPILER_GLOBAL_ACCENT_COLOR_NAME = AccentColor;
				CODE_SIGN_STYLE = Automatic;
				CURRENT_PROJECT_VERSION = 1;
				DEVELOPMENT_ASSET_PATHS = "\"DontGoThere/Preview Content\"";
				DEVELOPMENT_TEAM = 575V4XYC4S;
				ENABLE_PREVIEWS = YES;
				GENERATE_INFOPLIST_FILE = YES;
				INFOPLIST_KEY_NSPhotoLibraryUsageDescription = "We need access to the photos you specify to attach them to your DontGoThere. ";
				INFOPLIST_KEY_UIApplicationSceneManifest_Generation = YES;
				INFOPLIST_KEY_UIApplicationSupportsIndirectInputEvents = YES;
				INFOPLIST_KEY_UILaunchScreen_Generation = YES;
				INFOPLIST_KEY_UISupportedInterfaceOrientations_iPad = "UIInterfaceOrientationPortrait UIInterfaceOrientationPortraitUpsideDown UIInterfaceOrientationLandscapeLeft UIInterfaceOrientationLandscapeRight";
				INFOPLIST_KEY_UISupportedInterfaceOrientations_iPhone = "UIInterfaceOrientationPortrait UIInterfaceOrientationLandscapeLeft UIInterfaceOrientationLandscapeRight";
				IPHONEOS_DEPLOYMENT_TARGET = 17.0;
				LD_RUNPATH_SEARCH_PATHS = (
					"$(inherited)",
					"@executable_path/Frameworks",
				);
				MARKETING_VERSION = 1.0;
				PRODUCT_BUNDLE_IDENTIFIER = com.joshuakraft.DontGoThere;
				PRODUCT_NAME = "$(TARGET_NAME)";
				SWIFT_EMIT_LOC_STRINGS = YES;
				SWIFT_VERSION = 5.0;
				TARGETED_DEVICE_FAMILY = "1,2";
			};
			name = Release;
		};
/* End XCBuildConfiguration section */

/* Begin XCConfigurationList section */
		42560A022B74292B0013FCF4 /* Build configuration list for PBXProject "DontGoThere" */ = {
			isa = XCConfigurationList;
			buildConfigurations = (
				42560A132B74292C0013FCF4 /* Debug */,
				42560A142B74292C0013FCF4 /* Release */,
			);
			defaultConfigurationIsVisible = 0;
			defaultConfigurationName = Release;
		};
		42560A152B74292C0013FCF4 /* Build configuration list for PBXNativeTarget "DontGoThere" */ = {
			isa = XCConfigurationList;
			buildConfigurations = (
				42560A162B74292C0013FCF4 /* Debug */,
				42560A172B74292C0013FCF4 /* Release */,
			);
			defaultConfigurationIsVisible = 0;
			defaultConfigurationName = Release;
		};
/* End XCConfigurationList section */
	};
	rootObject = 425609FF2B74292B0013FCF4 /* Project object */;
}
